<?xml version="1.0" encoding="utf-8"?>
<Project ToolsVersion="4.0" xmlns="http://schemas.microsoft.com/developer/msbuild/2003">
  <ItemGroup>
    <ClInclude Include="participant.h">
      <Filter>Domain\Participant</Filter>
    </ClInclude>
    <ClInclude Include="functions.h">
      <Filter>Utils\Functions</Filter>
    </ClInclude>
    <ClInclude Include="tests.h">
      <Filter>Utils\Tests</Filter>
    </ClInclude>
    <ClInclude Include="vector.h">
      <Filter>Repository\Vector Dinamic</Filter>
    </ClInclude>
    <ClInclude Include="service.h">
      <Filter>Service</Filter>
    </ClInclude>
    <ClInclude Include="user_interface.h">
      <Filter>User Interface</Filter>
    </ClInclude>
  </ItemGroup>
  <ItemGroup>
    <ClCompile Include="main.c" />
    <ClCompile Include="participant.c">
      <Filter>Domain\Participant</Filter>
    </ClCompile>
    <ClCompile Include="functions.c">
      <Filter>Utils\Functions</Filter>
    </ClCompile>
    <ClCompile Include="tests.c">
      <Filter>Utils\Tests</Filter>
    </ClCompile>
    <ClCompile Include="vector.c">
      <Filter>Repository\Vector Dinamic</Filter>
    </ClCompile>
    <ClCompile Include="service.c">
      <Filter>Service</Filter>
    </ClCompile>
    <ClCompile Include="user_interface.c">
      <Filter>User Interface</Filter>
    </ClCompile>
  </ItemGroup>
  <ItemGroup>
    <Filter Include="Domain">
      <UniqueIdentifier>{3f59116a-2eda-4c5b-af22-011ed3d7b4c3}</UniqueIdentifier>
    </Filter>
    <Filter Include="Domain\Participant">
      <UniqueIdentifier>{27af9638-548a-44f6-9a4f-85871023b1f4}</UniqueIdentifier>
    </Filter>
    <Filter Include="Utils">
      <UniqueIdentifier>{4c342b13-0b15-4934-b57b-ea25747b19f8}</UniqueIdentifier>
    </Filter>
    <Filter Include="Utils\Functions">
      <UniqueIdentifier>{29bdec87-b373-4b57-a008-24a135f0d666}</UniqueIdentifier>
    </Filter>
    <Filter Include="Utils\Tests">
      <UniqueIdentifier>{b39e333c-1f63-4798-bb37-d47007060cb2}</UniqueIdentifier>
    </Filter>
    <Filter Include="Repository">
      <UniqueIdentifier>{0892ad15-c5da-452d-8c56-dc1a657af7b6}</UniqueIdentifier>
    </Filter>
    <Filter Include="Repository\Vector Dinamic">
      <UniqueIdentifier>{b1f62974-a7fa-48cd-b50e-da562f0808af}</UniqueIdentifier>
    </Filter>
    <Filter Include="Service">
      <UniqueIdentifier>{049a1bb5-0d29-496e-a71d-deaef4bf4889}</UniqueIdentifier>
    </Filter>
    <Filter Include="User Interface">
      <UniqueIdentifier>{4fc38a59-68d1-492e-ba5f-4334710b8026}</UniqueIdentifier>
    </Filter>
  </ItemGroup>
</Project>